int ID;

            Console.Write("Digite sua idade em anos: ");
            ID = int.Parse(Console.ReadLine());

            if ((ID == 5) || (ID == 6) || (ID == 7))

            {
                Console.Write("A categoria do nadador é Infantil A");
            }

            else if ((ID == 8) || (ID == 9) || (ID == 10))

            {
                Console.Write("A categoria do nadador é Infantil B");
            }

            else if ((ID == 11) || (ID == 12) || (ID == 13))

            {
                Console.Write("A categoria do nadador é Juvenil A");
            }

            else if ((ID == 14) || (ID == 15) || (ID == 16) || (ID == 17))

            {
                Console.Write("A categoria do nadador é Juvenil B");
            }

            else if (ID >= 18)
            {
                Console.Write("Categoria Adulto");
            }
            Console.ReadKey();
